
Microsoft Visual Studio Solution File, Format Version 11.00
# Visual Studio 2010
Project("{FAE04EC0-301F-11D3-BF4B-00C04F79EFBC}") = "SdtBusinessApplication", "SdtBusinessApplication\SdtBusinessApplication.csproj", "{FF0A4A02-BD25-4939-9FCE-55C5818CC113}"
	ProjectSection(ProjectDependencies) = postProject
		{F6CA765C-DDE5-4081-A712-6A38ADB11F8A} = {F6CA765C-DDE5-4081-A712-6A38ADB11F8A}
	EndProjectSection
EndProject
Project("{FAE04EC0-301F-11D3-BF4B-00C04F79EFBC}") = "SdtBusinessApplication.Web", "SdtBusinessApplication.Web\SdtBusinessApplication.Web.csproj", "{F6CA765C-DDE5-4081-A712-6A38ADB11F8A}"
EndProject
Global
	GlobalSection(SolutionConfigurationPlatforms) = preSolution
		Debug|Any CPU = Debug|Any CPU
		Release|Any CPU = Release|Any CPU
	EndGlobalSection
	GlobalSection(ProjectConfigurationPlatforms) = postSolution
		{FF0A4A02-BD25-4939-9FCE-55C5818CC113}.Debug|Any CPU.ActiveCfg = Debug|Any CPU
		{FF0A4A02-BD25-4939-9FCE-55C5818CC113}.Debug|Any CPU.Build.0 = Debug|Any CPU
		{FF0A4A02-BD25-4939-9FCE-55C5818CC113}.Release|Any CPU.ActiveCfg = Release|Any CPU
		{FF0A4A02-BD25-4939-9FCE-55C5818CC113}.Release|Any CPU.Build.0 = Release|Any CPU
		{F6CA765C-DDE5-4081-A712-6A38ADB11F8A}.Debug|Any CPU.ActiveCfg = Debug|Any CPU
		{F6CA765C-DDE5-4081-A712-6A38ADB11F8A}.Debug|Any CPU.Build.0 = Debug|Any CPU
		{F6CA765C-DDE5-4081-A712-6A38ADB11F8A}.Release|Any CPU.ActiveCfg = Release|Any CPU
		{F6CA765C-DDE5-4081-A712-6A38ADB11F8A}.Release|Any CPU.Build.0 = Release|Any CPU
	EndGlobalSection
	GlobalSection(SolutionProperties) = preSolution
		HideSolutionNode = FALSE
	EndGlobalSection
EndGlobal
