
Microsoft Visual Studio Solution File, Format Version 11.00
# Visual Studio 2010
Project("{FAE04EC0-301F-11D3-BF4B-00C04F79EFBC}") = "SdtProject", "SdtProject\SdtProject.csproj", "{9FC7CA81-D616-43B9-A03C-5E41651CD57B}"
	ProjectSection(ProjectDependencies) = postProject
		{D0755425-A421-4393-92EA-4545F653036E} = {D0755425-A421-4393-92EA-4545F653036E}
	EndProjectSection
EndProject
Project("{FAE04EC0-301F-11D3-BF4B-00C04F79EFBC}") = "SdtProject.Web", "SdtProject.Web\SdtProject.Web.csproj", "{D0755425-A421-4393-92EA-4545F653036E}"
EndProject
Global
	GlobalSection(SolutionConfigurationPlatforms) = preSolution
		Debug|Any CPU = Debug|Any CPU
		Release|Any CPU = Release|Any CPU
	EndGlobalSection
	GlobalSection(ProjectConfigurationPlatforms) = postSolution
		{9FC7CA81-D616-43B9-A03C-5E41651CD57B}.Debug|Any CPU.ActiveCfg = Debug|Any CPU
		{9FC7CA81-D616-43B9-A03C-5E41651CD57B}.Debug|Any CPU.Build.0 = Debug|Any CPU
		{9FC7CA81-D616-43B9-A03C-5E41651CD57B}.Release|Any CPU.ActiveCfg = Release|Any CPU
		{9FC7CA81-D616-43B9-A03C-5E41651CD57B}.Release|Any CPU.Build.0 = Release|Any CPU
		{D0755425-A421-4393-92EA-4545F653036E}.Debug|Any CPU.ActiveCfg = Debug|Any CPU
		{D0755425-A421-4393-92EA-4545F653036E}.Debug|Any CPU.Build.0 = Debug|Any CPU
		{D0755425-A421-4393-92EA-4545F653036E}.Release|Any CPU.ActiveCfg = Release|Any CPU
		{D0755425-A421-4393-92EA-4545F653036E}.Release|Any CPU.Build.0 = Release|Any CPU
	EndGlobalSection
	GlobalSection(SolutionProperties) = preSolution
		HideSolutionNode = FALSE
	EndGlobalSection
EndGlobal
